// !$*UTF8*$!
{
	archiveVersion = 1;
	classes = {
	};
	objectVersion = 56;
	objects = {

/* Begin PBXBuildFile section */
		4766DFF229CDF3CD0032B2A3 /* FaviconFinder in Frameworks */ = {isa = PBXBuildFile; productRef = 4766DFF129CDF3CD0032B2A3 /* FaviconFinder */; };
		4766DFF529CF3D7A0032B2A3 /* AlertToast in Frameworks */ = {isa = PBXBuildFile; productRef = 4766DFF429CF3D7A0032B2A3 /* AlertToast */; };
		47D57C4929ABC94500F2E7D2 /* KeistrApp.swift in Sources */ = {isa = PBXBuildFile; fileRef = 47D57C4829ABC94500F2E7D2 /* KeistrApp.swift */; };
		47D57C4B29ABC94500F2E7D2 /* ContentView.swift in Sources */ = {isa = PBXBuildFile; fileRef = 47D57C4A29ABC94500F2E7D2 /* ContentView.swift */; };
		47D57C4D29ABC94600F2E7D2 /* Assets.xcassets in Resources */ = {isa = PBXBuildFile; fileRef = 47D57C4C29ABC94600F2E7D2 /* Assets.xcassets */; };
		47D57C5029ABC94600F2E7D2 /* Preview Assets.xcassets in Resources */ = {isa = PBXBuildFile; fileRef = 47D57C4F29ABC94600F2E7D2 /* Preview Assets.xcassets */; };
		47D57C5829ABDBF400F2E7D2 /* Setting in Frameworks */ = {isa = PBXBuildFile; productRef = 47D57C5729ABDBF400F2E7D2 /* Setting */; };
		47D57C5A29ABE3F700F2E7D2 /* AppState.swift in Sources */ = {isa = PBXBuildFile; fileRef = 47D57C5929ABE3F700F2E7D2 /* AppState.swift */; };
		47D57C5D29ABE43400F2E7D2 /* NostrKit in Frameworks */ = {isa = PBXBuildFile; productRef = 47D57C5C29ABE43400F2E7D2 /* NostrKit */; };
		47D57C6029ABE44D00F2E7D2 /* KeychainAccess in Frameworks */ = {isa = PBXBuildFile; productRef = 47D57C5F29ABE44D00F2E7D2 /* KeychainAccess */; };
		47D57C6429AC08FD00F2E7D2 /* OwnerKey.swift in Sources */ = {isa = PBXBuildFile; fileRef = 47D57C6329AC08FD00F2E7D2 /* OwnerKey.swift */; };
		47D57C6629AC0B0100F2E7D2 /* RelayPermission.swift in Sources */ = {isa = PBXBuildFile; fileRef = 47D57C6529AC0B0100F2E7D2 /* RelayPermission.swift */; };
		47D57C6829AC0BF900F2E7D2 /* Relay.swift in Sources */ = {isa = PBXBuildFile; fileRef = 47D57C6729AC0BF900F2E7D2 /* Relay.swift */; };
		47D57C6A29AC0C9600F2E7D2 /* KeyMetaData.swift in Sources */ = {isa = PBXBuildFile; fileRef = 47D57C6929AC0C9600F2E7D2 /* KeyMetaData.swift */; };
		47D57C6C29AD376200F2E7D2 /* RelayConnection.swift in Sources */ = {isa = PBXBuildFile; fileRef = 47D57C6B29AD376200F2E7D2 /* RelayConnection.swift */; };
		47D57C6F29AD378500F2E7D2 /* NWWebSocket in Frameworks */ = {isa = PBXBuildFile; productRef = 47D57C6E29AD378500F2E7D2 /* NWWebSocket */; };
		47D57C7529AD589100F2E7D2 /* RelaysView.swift in Sources */ = {isa = PBXBuildFile; fileRef = 47D57C7429AD589100F2E7D2 /* RelaysView.swift */; };
		47D57C7729AE62E200F2E7D2 /* KeysView.swift in Sources */ = {isa = PBXBuildFile; fileRef = 47D57C7629AE62E200F2E7D2 /* KeysView.swift */; };
		47D57C7A29AE63DB00F2E7D2 /* SDWebImageSwiftUI in Frameworks */ = {isa = PBXBuildFile; productRef = 47D57C7929AE63DB00F2E7D2 /* SDWebImageSwiftUI */; };
		47D57C7D29AE63E900F2E7D2 /* SDWebImageSVGCoder in Frameworks */ = {isa = PBXBuildFile; productRef = 47D57C7C29AE63E900F2E7D2 /* SDWebImageSVGCoder */; };
		47D57C8029AE646200F2E7D2 /* AvatarView.swift in Sources */ = {isa = PBXBuildFile; fileRef = 47D57C7F29AE646200F2E7D2 /* AvatarView.swift */; };
		47D57C8529AFA12A00F2E7D2 /* OwnerKeyView.swift in Sources */ = {isa = PBXBuildFile; fileRef = 47D57C8429AFA12A00F2E7D2 /* OwnerKeyView.swift */; };
		47D57C8C29B272B900F2E7D2 /* NostrWebView.swift in Sources */ = {isa = PBXBuildFile; fileRef = 47D57C8B29B272B900F2E7D2 /* NostrWebView.swift */; };
		47D57C8E29B27E7500F2E7D2 /* nostr.js in Resources */ = {isa = PBXBuildFile; fileRef = 47D57C8D29B27E7500F2E7D2 /* nostr.js */; };
		47D57C9129B283F800F2E7D2 /* WebView.swift in Sources */ = {isa = PBXBuildFile; fileRef = 47D57C9029B283F800F2E7D2 /* WebView.swift */; };
		47D57C9329B29EF100F2E7D2 /* SelectKeyListView.swift in Sources */ = {isa = PBXBuildFile; fileRef = 47D57C9229B29EF100F2E7D2 /* SelectKeyListView.swift */; };
		47D57C9529B2D64300F2E7D2 /* SiteManifest.swift in Sources */ = {isa = PBXBuildFile; fileRef = 47D57C9429B2D64300F2E7D2 /* SiteManifest.swift */; };
		47D57C9729B2D7B900F2E7D2 /* InternalSiteSession.swift in Sources */ = {isa = PBXBuildFile; fileRef = 47D57C9629B2D7B900F2E7D2 /* InternalSiteSession.swift */; };
		47D57C9A29B3BCF100F2E7D2 /* WelcomeView.swift in Sources */ = {isa = PBXBuildFile; fileRef = 47D57C9929B3BCF100F2E7D2 /* WelcomeView.swift */; };
		47D57CA229B3D0E500F2E7D2 /* UniformTypeIdentifiers.framework in Frameworks */ = {isa = PBXBuildFile; fileRef = 47D57CA129B3D0E500F2E7D2 /* UniformTypeIdentifiers.framework */; };
		47D57CA529B3D0E500F2E7D2 /* Media.xcassets in Resources */ = {isa = PBXBuildFile; fileRef = 47D57CA429B3D0E500F2E7D2 /* Media.xcassets */; };
		47D57CA729B3D0E500F2E7D2 /* ActionRequestHandler.swift in Sources */ = {isa = PBXBuildFile; fileRef = 47D57CA629B3D0E500F2E7D2 /* ActionRequestHandler.swift */; };
		47D57CA929B3D0E500F2E7D2 /* Action.js in Resources */ = {isa = PBXBuildFile; fileRef = 47D57CA829B3D0E500F2E7D2 /* Action.js */; };
		47D57CAD29B3D0E500F2E7D2 /* Open In Keistr.appex in Embed Foundation Extensions */ = {isa = PBXBuildFile; fileRef = 47D57CA029B3D0E500F2E7D2 /* Open In Keistr.appex */; settings = {ATTRIBUTES = (RemoveHeadersOnCopy, ); }; };
		47F8C55E29B5248200FA5CF5 /* ClearButton.swift in Sources */ = {isa = PBXBuildFile; fileRef = 47F8C55D29B5248200FA5CF5 /* ClearButton.swift */; };
		47F8C56129B540BB00FA5CF5 /* Haptica in Frameworks */ = {isa = PBXBuildFile; productRef = 47F8C56029B540BB00FA5CF5 /* Haptica */; };
/* End PBXBuildFile section */

/* Begin PBXContainerItemProxy section */
		47D57CAB29B3D0E500F2E7D2 /* PBXContainerItemProxy */ = {
			isa = PBXContainerItemProxy;
			containerPortal = 47D57C3D29ABC94500F2E7D2 /* Project object */;
			proxyType = 1;
			remoteGlobalIDString = 47D57C9F29B3D0E500F2E7D2;
			remoteInfo = "Open In Keistr";
		};
/* End PBXContainerItemProxy section */

/* Begin PBXCopyFilesBuildPhase section */
		47D57CB129B3D0E500F2E7D2 /* Embed Foundation Extensions */ = {
			isa = PBXCopyFilesBuildPhase;
			buildActionMask = 2147483647;
			dstPath = "";
			dstSubfolderSpec = 13;
			files = (
				47D57CAD29B3D0E500F2E7D2 /* Open In Keistr.appex in Embed Foundation Extensions */,
			);
			name = "Embed Foundation Extensions";
			runOnlyForDeploymentPostprocessing = 0;
		};
/* End PBXCopyFilesBuildPhase section */

/* Begin PBXFileReference section */
		47D57C4529ABC94500F2E7D2 /* Keistr.app */ = {isa = PBXFileReference; explicitFileType = wrapper.application; includeInIndex = 0; path = Keistr.app; sourceTree = BUILT_PRODUCTS_DIR; };
		47D57C4829ABC94500F2E7D2 /* KeistrApp.swift */ = {isa = PBXFileReference; lastKnownFileType = sourcecode.swift; path = KeistrApp.swift; sourceTree = "<group>"; };
		47D57C4A29ABC94500F2E7D2 /* ContentView.swift */ = {isa = PBXFileReference; lastKnownFileType = sourcecode.swift; path = ContentView.swift; sourceTree = "<group>"; };
		47D57C4C29ABC94600F2E7D2 /* Assets.xcassets */ = {isa = PBXFileReference; lastKnownFileType = folder.assetcatalog; path = Assets.xcassets; sourceTree = "<group>"; };
		47D57C4F29ABC94600F2E7D2 /* Preview Assets.xcassets */ = {isa = PBXFileReference; lastKnownFileType = folder.assetcatalog; path = "Preview Assets.xcassets"; sourceTree = "<group>"; };
		47D57C5929ABE3F700F2E7D2 /* AppState.swift */ = {isa = PBXFileReference; lastKnownFileType = sourcecode.swift; path = AppState.swift; sourceTree = "<group>"; };
		47D57C6129ABE49300F2E7D2 /* Keistr.entitlements */ = {isa = PBXFileReference; lastKnownFileType = text.plist.entitlements; path = Keistr.entitlements; sourceTree = "<group>"; };
		47D57C6329AC08FD00F2E7D2 /* OwnerKey.swift */ = {isa = PBXFileReference; lastKnownFileType = sourcecode.swift; path = OwnerKey.swift; sourceTree = "<group>"; };
		47D57C6529AC0B0100F2E7D2 /* RelayPermission.swift */ = {isa = PBXFileReference; lastKnownFileType = sourcecode.swift; path = RelayPermission.swift; sourceTree = "<group>"; };
		47D57C6729AC0BF900F2E7D2 /* Relay.swift */ = {isa = PBXFileReference; lastKnownFileType = sourcecode.swift; path = Relay.swift; sourceTree = "<group>"; };
		47D57C6929AC0C9600F2E7D2 /* KeyMetaData.swift */ = {isa = PBXFileReference; lastKnownFileType = sourcecode.swift; path = KeyMetaData.swift; sourceTree = "<group>"; };
		47D57C6B29AD376200F2E7D2 /* RelayConnection.swift */ = {isa = PBXFileReference; lastKnownFileType = sourcecode.swift; path = RelayConnection.swift; sourceTree = "<group>"; };
		47D57C7429AD589100F2E7D2 /* RelaysView.swift */ = {isa = PBXFileReference; lastKnownFileType = sourcecode.swift; path = RelaysView.swift; sourceTree = "<group>"; };
		47D57C7629AE62E200F2E7D2 /* KeysView.swift */ = {isa = PBXFileReference; lastKnownFileType = sourcecode.swift; path = KeysView.swift; sourceTree = "<group>"; };
		47D57C7F29AE646200F2E7D2 /* AvatarView.swift */ = {isa = PBXFileReference; lastKnownFileType = sourcecode.swift; path = AvatarView.swift; sourceTree = "<group>"; };
		47D57C8429AFA12A00F2E7D2 /* OwnerKeyView.swift */ = {isa = PBXFileReference; lastKnownFileType = sourcecode.swift; path = OwnerKeyView.swift; sourceTree = "<group>"; };
		47D57C8B29B272B900F2E7D2 /* NostrWebView.swift */ = {isa = PBXFileReference; lastKnownFileType = sourcecode.swift; path = NostrWebView.swift; sourceTree = "<group>"; };
		47D57C8D29B27E7500F2E7D2 /* nostr.js */ = {isa = PBXFileReference; lastKnownFileType = sourcecode.javascript; path = nostr.js; sourceTree = "<group>"; };
		47D57C9029B283F800F2E7D2 /* WebView.swift */ = {isa = PBXFileReference; lastKnownFileType = sourcecode.swift; path = WebView.swift; sourceTree = "<group>"; };
		47D57C9229B29EF100F2E7D2 /* SelectKeyListView.swift */ = {isa = PBXFileReference; lastKnownFileType = sourcecode.swift; path = SelectKeyListView.swift; sourceTree = "<group>"; };
		47D57C9429B2D64300F2E7D2 /* SiteManifest.swift */ = {isa = PBXFileReference; lastKnownFileType = sourcecode.swift; path = SiteManifest.swift; sourceTree = "<group>"; };
		47D57C9629B2D7B900F2E7D2 /* InternalSiteSession.swift */ = {isa = PBXFileReference; lastKnownFileType = sourcecode.swift; path = InternalSiteSession.swift; sourceTree = "<group>"; };
		47D57C9929B3BCF100F2E7D2 /* WelcomeView.swift */ = {isa = PBXFileReference; lastKnownFileType = sourcecode.swift; path = WelcomeView.swift; sourceTree = "<group>"; };
		47D57C9B29B3CE9F00F2E7D2 /* Info.plist */ = {isa = PBXFileReference; lastKnownFileType = text.plist; path = Info.plist; sourceTree = "<group>"; };
		47D57CA029B3D0E500F2E7D2 /* Open In Keistr.appex */ = {isa = PBXFileReference; explicitFileType = "wrapper.app-extension"; includeInIndex = 0; path = "Open In Keistr.appex"; sourceTree = BUILT_PRODUCTS_DIR; };
		47D57CA129B3D0E500F2E7D2 /* UniformTypeIdentifiers.framework */ = {isa = PBXFileReference; lastKnownFileType = wrapper.framework; name = UniformTypeIdentifiers.framework; path = System/Library/Frameworks/UniformTypeIdentifiers.framework; sourceTree = SDKROOT; };
		47D57CA429B3D0E500F2E7D2 /* Media.xcassets */ = {isa = PBXFileReference; lastKnownFileType = folder.assetcatalog; path = Media.xcassets; sourceTree = "<group>"; };
		47D57CA629B3D0E500F2E7D2 /* ActionRequestHandler.swift */ = {isa = PBXFileReference; lastKnownFileType = sourcecode.swift; path = ActionRequestHandler.swift; sourceTree = "<group>"; };
		47D57CA829B3D0E500F2E7D2 /* Action.js */ = {isa = PBXFileReference; lastKnownFileType = sourcecode.javascript; path = Action.js; sourceTree = "<group>"; };
		47D57CAA29B3D0E500F2E7D2 /* Info.plist */ = {isa = PBXFileReference; lastKnownFileType = text.plist.xml; path = Info.plist; sourceTree = "<group>"; };
		47F8C55D29B5248200FA5CF5 /* ClearButton.swift */ = {isa = PBXFileReference; lastKnownFileType = sourcecode.swift; path = ClearButton.swift; sourceTree = "<group>"; };
/* End PBXFileReference section */

/* Begin PBXFrameworksBuildPhase section */
		47D57C4229ABC94500F2E7D2 /* Frameworks */ = {
			isa = PBXFrameworksBuildPhase;
			buildActionMask = 2147483647;
			files = (
				47D57C7A29AE63DB00F2E7D2 /* SDWebImageSwiftUI in Frameworks */,
				47D57C5D29ABE43400F2E7D2 /* NostrKit in Frameworks */,
				47D57C5829ABDBF400F2E7D2 /* Setting in Frameworks */,
				4766DFF529CF3D7A0032B2A3 /* AlertToast in Frameworks */,
				4766DFF229CDF3CD0032B2A3 /* FaviconFinder in Frameworks */,
				47D57C7D29AE63E900F2E7D2 /* SDWebImageSVGCoder in Frameworks */,
				47F8C56129B540BB00FA5CF5 /* Haptica in Frameworks */,
				47D57C6029ABE44D00F2E7D2 /* KeychainAccess in Frameworks */,
				47D57C6F29AD378500F2E7D2 /* NWWebSocket in Frameworks */,
			);
			runOnlyForDeploymentPostprocessing = 0;
		};
		47D57C9D29B3D0E500F2E7D2 /* Frameworks */ = {
			isa = PBXFrameworksBuildPhase;
			buildActionMask = 2147483647;
			files = (
				47D57CA229B3D0E500F2E7D2 /* UniformTypeIdentifiers.framework in Frameworks */,
			);
			runOnlyForDeploymentPostprocessing = 0;
		};
/* End PBXFrameworksBuildPhase section */

/* Begin PBXGroup section */
		47D57C3C29ABC94500F2E7D2 = {
			isa = PBXGroup;
			children = (
				47D57C4729ABC94500F2E7D2 /* Keistr */,
				47D57CA329B3D0E500F2E7D2 /* Open In Keistr */,
				47D57C4629ABC94500F2E7D2 /* Products */,
				47D57C8829B2729600F2E7D2 /* Frameworks */,
			);
			sourceTree = "<group>";
		};
		47D57C4629ABC94500F2E7D2 /* Products */ = {
			isa = PBXGroup;
			children = (
				47D57C4529ABC94500F2E7D2 /* Keistr.app */,
				47D57CA029B3D0E500F2E7D2 /* Open In Keistr.appex */,
			);
			name = Products;
			sourceTree = "<group>";
		};
		47D57C4729ABC94500F2E7D2 /* Keistr */ = {
			isa = PBXGroup;
			children = (
				47D57C9B29B3CE9F00F2E7D2 /* Info.plist */,
				47D57C9829B3B53B00F2E7D2 /* Screenshots */,
				47D57C7329AD588000F2E7D2 /* Views */,
				47D57C6229AC08E800F2E7D2 /* Models */,
				47D57C4E29ABC94600F2E7D2 /* Preview Content */,
				47D57C4C29ABC94600F2E7D2 /* Assets.xcassets */,
				47D57C6129ABE49300F2E7D2 /* Keistr.entitlements */,
				47D57C5929ABE3F700F2E7D2 /* AppState.swift */,
				47D57C4829ABC94500F2E7D2 /* KeistrApp.swift */,
				47D57C8D29B27E7500F2E7D2 /* nostr.js */,
			);
			path = Keistr;
			sourceTree = "<group>";
		};
		47D57C4E29ABC94600F2E7D2 /* Preview Content */ = {
			isa = PBXGroup;
			children = (
				47D57C4F29ABC94600F2E7D2 /* Preview Assets.xcassets */,
			);
			path = "Preview Content";
			sourceTree = "<group>";
		};
		47D57C6229AC08E800F2E7D2 /* Models */ = {
			isa = PBXGroup;
			children = (
				47D57C6729AC0BF900F2E7D2 /* Relay.swift */,
				47D57C6529AC0B0100F2E7D2 /* RelayPermission.swift */,
				47D57C6329AC08FD00F2E7D2 /* OwnerKey.swift */,
				47D57C6929AC0C9600F2E7D2 /* KeyMetaData.swift */,
				47D57C6B29AD376200F2E7D2 /* RelayConnection.swift */,
				47D57C9429B2D64300F2E7D2 /* SiteManifest.swift */,
				47D57C9629B2D7B900F2E7D2 /* InternalSiteSession.swift */,
			);
			path = Models;
			sourceTree = "<group>";
		};
		47D57C7329AD588000F2E7D2 /* Views */ = {
			isa = PBXGroup;
			children = (
				47D57C7E29AE645300F2E7D2 /* Components */,
				47D57C7429AD589100F2E7D2 /* RelaysView.swift */,
				47D57C7629AE62E200F2E7D2 /* KeysView.swift */,
				47D57C8429AFA12A00F2E7D2 /* OwnerKeyView.swift */,
				47D57C8B29B272B900F2E7D2 /* NostrWebView.swift */,
				47D57C9029B283F800F2E7D2 /* WebView.swift */,
				47D57C9929B3BCF100F2E7D2 /* WelcomeView.swift */,
				47D57C4A29ABC94500F2E7D2 /* ContentView.swift */,
			);
			path = Views;
			sourceTree = "<group>";
		};
		47D57C7E29AE645300F2E7D2 /* Components */ = {
			isa = PBXGroup;
			children = (
				47D57C7F29AE646200F2E7D2 /* AvatarView.swift */,
				47D57C9229B29EF100F2E7D2 /* SelectKeyListView.swift */,
				47F8C55D29B5248200FA5CF5 /* ClearButton.swift */,
			);
			path = Components;
			sourceTree = "<group>";
		};
		47D57C8829B2729600F2E7D2 /* Frameworks */ = {
			isa = PBXGroup;
			children = (
				47D57CA129B3D0E500F2E7D2 /* UniformTypeIdentifiers.framework */,
			);
			name = Frameworks;
			sourceTree = "<group>";
		};
		47D57C9829B3B53B00F2E7D2 /* Screenshots */ = {
			isa = PBXGroup;
			children = (
			);
			path = Screenshots;
			sourceTree = "<group>";
		};
		47D57CA329B3D0E500F2E7D2 /* Open In Keistr */ = {
			isa = PBXGroup;
			children = (
				47D57CA429B3D0E500F2E7D2 /* Media.xcassets */,
				47D57CA629B3D0E500F2E7D2 /* ActionRequestHandler.swift */,
				47D57CA829B3D0E500F2E7D2 /* Action.js */,
				47D57CAA29B3D0E500F2E7D2 /* Info.plist */,
			);
			path = "Open In Keistr";
			sourceTree = "<group>";
		};
/* End PBXGroup section */

/* Begin PBXNativeTarget section */
		47D57C4429ABC94500F2E7D2 /* Keistr */ = {
			isa = PBXNativeTarget;
			buildConfigurationList = 47D57C5329ABC94600F2E7D2 /* Build configuration list for PBXNativeTarget "Keistr" */;
			buildPhases = (
				47D57C4129ABC94500F2E7D2 /* Sources */,
				47D57C4229ABC94500F2E7D2 /* Frameworks */,
				47D57C4329ABC94500F2E7D2 /* Resources */,
				47D57CB129B3D0E500F2E7D2 /* Embed Foundation Extensions */,
			);
			buildRules = (
			);
			dependencies = (
				47D57CAC29B3D0E500F2E7D2 /* PBXTargetDependency */,
			);
			name = Keistr;
			packageProductDependencies = (
				47D57C5729ABDBF400F2E7D2 /* Setting */,
				47D57C5C29ABE43400F2E7D2 /* NostrKit */,
				47D57C5F29ABE44D00F2E7D2 /* KeychainAccess */,
				47D57C6E29AD378500F2E7D2 /* NWWebSocket */,
				47D57C7929AE63DB00F2E7D2 /* SDWebImageSwiftUI */,
				47D57C7C29AE63E900F2E7D2 /* SDWebImageSVGCoder */,
				47F8C56029B540BB00FA5CF5 /* Haptica */,
				4766DFF129CDF3CD0032B2A3 /* FaviconFinder */,
				4766DFF429CF3D7A0032B2A3 /* AlertToast */,
			);
			productName = Keistr;
			productReference = 47D57C4529ABC94500F2E7D2 /* Keistr.app */;
			productType = "com.apple.product-type.application";
		};
		47D57C9F29B3D0E500F2E7D2 /* Open In Keistr */ = {
			isa = PBXNativeTarget;
			buildConfigurationList = 47D57CAE29B3D0E500F2E7D2 /* Build configuration list for PBXNativeTarget "Open In Keistr" */;
			buildPhases = (
				47D57C9C29B3D0E500F2E7D2 /* Sources */,
				47D57C9D29B3D0E500F2E7D2 /* Frameworks */,
				47D57C9E29B3D0E500F2E7D2 /* Resources */,
			);
			buildRules = (
			);
			dependencies = (
			);
			name = "Open In Keistr";
			productName = "Open In Keistr";
			productReference = 47D57CA029B3D0E500F2E7D2 /* Open In Keistr.appex */;
			productType = "com.apple.product-type.app-extension";
		};
/* End PBXNativeTarget section */

/* Begin PBXProject section */
		47D57C3D29ABC94500F2E7D2 /* Project object */ = {
			isa = PBXProject;
			attributes = {
				BuildIndependentTargetsInParallel = 1;
				LastSwiftUpdateCheck = 1420;
				LastUpgradeCheck = 1420;
				TargetAttributes = {
					47D57C4429ABC94500F2E7D2 = {
						CreatedOnToolsVersion = 14.2;
					};
					47D57C9F29B3D0E500F2E7D2 = {
						CreatedOnToolsVersion = 14.2;
					};
				};
			};
			buildConfigurationList = 47D57C4029ABC94500F2E7D2 /* Build configuration list for PBXProject "Keistr" */;
			compatibilityVersion = "Xcode 14.0";
			developmentRegion = en;
			hasScannedForEncodings = 0;
			knownRegions = (
				en,
				Base,
			);
			mainGroup = 47D57C3C29ABC94500F2E7D2;
			packageReferences = (
				47D57C5629ABDBF400F2E7D2 /* XCRemoteSwiftPackageReference "Setting" */,
				47D57C5B29ABE43300F2E7D2 /* XCRemoteSwiftPackageReference "NostrKit" */,
				47D57C5E29ABE44D00F2E7D2 /* XCRemoteSwiftPackageReference "KeychainAccess" */,
				47D57C6D29AD378500F2E7D2 /* XCRemoteSwiftPackageReference "NWWebSocket" */,
				47D57C7829AE63DB00F2E7D2 /* XCRemoteSwiftPackageReference "SDWebImageSwiftUI" */,
				47D57C7B29AE63E900F2E7D2 /* XCRemoteSwiftPackageReference "SDWebImageSVGCoder" */,
				47F8C55F29B540BB00FA5CF5 /* XCRemoteSwiftPackageReference "Haptica" */,
				4766DFF029CDF3CD0032B2A3 /* XCRemoteSwiftPackageReference "FaviconFinder" */,
				4766DFF329CF3D7A0032B2A3 /* XCRemoteSwiftPackageReference "AlertToast" */,
			);
			productRefGroup = 47D57C4629ABC94500F2E7D2 /* Products */;
			projectDirPath = "";
			projectRoot = "";
			targets = (
				47D57C4429ABC94500F2E7D2 /* Keistr */,
				47D57C9F29B3D0E500F2E7D2 /* Open In Keistr */,
			);
		};
/* End PBXProject section */

/* Begin PBXResourcesBuildPhase section */
		47D57C4329ABC94500F2E7D2 /* Resources */ = {
			isa = PBXResourcesBuildPhase;
			buildActionMask = 2147483647;
			files = (
				47D57C8E29B27E7500F2E7D2 /* nostr.js in Resources */,
				47D57C5029ABC94600F2E7D2 /* Preview Assets.xcassets in Resources */,
				47D57C4D29ABC94600F2E7D2 /* Assets.xcassets in Resources */,
			);
			runOnlyForDeploymentPostprocessing = 0;
		};
		47D57C9E29B3D0E500F2E7D2 /* Resources */ = {
			isa = PBXResourcesBuildPhase;
			buildActionMask = 2147483647;
			files = (
				47D57CA929B3D0E500F2E7D2 /* Action.js in Resources */,
				47D57CA529B3D0E500F2E7D2 /* Media.xcassets in Resources */,
			);
			runOnlyForDeploymentPostprocessing = 0;
		};
/* End PBXResourcesBuildPhase section */

/* Begin PBXSourcesBuildPhase section */
		47D57C4129ABC94500F2E7D2 /* Sources */ = {
			isa = PBXSourcesBuildPhase;
			buildActionMask = 2147483647;
			files = (
				47D57C6629AC0B0100F2E7D2 /* RelayPermission.swift in Sources */,
				47D57C8C29B272B900F2E7D2 /* NostrWebView.swift in Sources */,
				47D57C6829AC0BF900F2E7D2 /* Relay.swift in Sources */,
				47D57C5A29ABE3F700F2E7D2 /* AppState.swift in Sources */,
				47D57C7529AD589100F2E7D2 /* RelaysView.swift in Sources */,
				47D57C9329B29EF100F2E7D2 /* SelectKeyListView.swift in Sources */,
				47D57C9729B2D7B900F2E7D2 /* InternalSiteSession.swift in Sources */,
				47D57C8029AE646200F2E7D2 /* AvatarView.swift in Sources */,
				47D57C6429AC08FD00F2E7D2 /* OwnerKey.swift in Sources */,
				47D57C6A29AC0C9600F2E7D2 /* KeyMetaData.swift in Sources */,
				47D57C9529B2D64300F2E7D2 /* SiteManifest.swift in Sources */,
				47D57C7729AE62E200F2E7D2 /* KeysView.swift in Sources */,
				47D57C8529AFA12A00F2E7D2 /* OwnerKeyView.swift in Sources */,
				47D57C9A29B3BCF100F2E7D2 /* WelcomeView.swift in Sources */,
				47F8C55E29B5248200FA5CF5 /* ClearButton.swift in Sources */,
				47D57C6C29AD376200F2E7D2 /* RelayConnection.swift in Sources */,
				47D57C4B29ABC94500F2E7D2 /* ContentView.swift in Sources */,
				47D57C4929ABC94500F2E7D2 /* KeistrApp.swift in Sources */,
				47D57C9129B283F800F2E7D2 /* WebView.swift in Sources */,
			);
			runOnlyForDeploymentPostprocessing = 0;
		};
		47D57C9C29B3D0E500F2E7D2 /* Sources */ = {
			isa = PBXSourcesBuildPhase;
			buildActionMask = 2147483647;
			files = (
				47D57CA729B3D0E500F2E7D2 /* ActionRequestHandler.swift in Sources */,
			);
			runOnlyForDeploymentPostprocessing = 0;
		};
/* End PBXSourcesBuildPhase section */

/* Begin PBXTargetDependency section */
		47D57CAC29B3D0E500F2E7D2 /* PBXTargetDependency */ = {
			isa = PBXTargetDependency;
			target = 47D57C9F29B3D0E500F2E7D2 /* Open In Keistr */;
			targetProxy = 47D57CAB29B3D0E500F2E7D2 /* PBXContainerItemProxy */;
		};
/* End PBXTargetDependency section */

/* Begin XCBuildConfiguration section */
		47D57C5129ABC94600F2E7D2 /* Debug */ = {
			isa = XCBuildConfiguration;
			buildSettings = {
				ALWAYS_SEARCH_USER_PATHS = NO;
				CLANG_ANALYZER_NONNULL = YES;
				CLANG_ANALYZER_NUMBER_OBJECT_CONVERSION = YES_AGGRESSIVE;
				CLANG_CXX_LANGUAGE_STANDARD = "gnu++20";
				CLANG_ENABLE_MODULES = YES;
				CLANG_ENABLE_OBJC_ARC = YES;
				CLANG_ENABLE_OBJC_WEAK = YES;
				CLANG_WARN_BLOCK_CAPTURE_AUTORELEASING = YES;
				CLANG_WARN_BOOL_CONVERSION = YES;
				CLANG_WARN_COMMA = YES;
				CLANG_WARN_CONSTANT_CONVERSION = YES;
				CLANG_WARN_DEPRECATED_OBJC_IMPLEMENTATIONS = YES;
				CLANG_WARN_DIRECT_OBJC_ISA_USAGE = YES_ERROR;
				CLANG_WARN_DOCUMENTATION_COMMENTS = YES;
				CLANG_WARN_EMPTY_BODY = YES;
				CLANG_WARN_ENUM_CONVERSION = YES;
				CLANG_WARN_INFINITE_RECURSION = YES;
				CLANG_WARN_INT_CONVERSION = YES;
				CLANG_WARN_NON_LITERAL_NULL_CONVERSION = YES;
				CLANG_WARN_OBJC_IMPLICIT_RETAIN_SELF = YES;
				CLANG_WARN_OBJC_LITERAL_CONVERSION = YES;
				CLANG_WARN_OBJC_ROOT_CLASS = YES_ERROR;
				CLANG_WARN_QUOTED_INCLUDE_IN_FRAMEWORK_HEADER = YES;
				CLANG_WARN_RANGE_LOOP_ANALYSIS = YES;
				CLANG_WARN_STRICT_PROTOTYPES = YES;
				CLANG_WARN_SUSPICIOUS_MOVE = YES;
				CLANG_WARN_UNGUARDED_AVAILABILITY = YES_AGGRESSIVE;
				CLANG_WARN_UNREACHABLE_CODE = YES;
				CLANG_WARN__DUPLICATE_METHOD_MATCH = YES;
				COPY_PHASE_STRIP = NO;
				DEBUG_INFORMATION_FORMAT = dwarf;
				ENABLE_STRICT_OBJC_MSGSEND = YES;
				ENABLE_TESTABILITY = YES;
				GCC_C_LANGUAGE_STANDARD = gnu11;
				GCC_DYNAMIC_NO_PIC = NO;
				GCC_NO_COMMON_BLOCKS = YES;
				GCC_OPTIMIZATION_LEVEL = 0;
				GCC_PREPROCESSOR_DEFINITIONS = (
					"DEBUG=1",
					"$(inherited)",
				);
				GCC_WARN_64_TO_32_BIT_CONVERSION = YES;
				GCC_WARN_ABOUT_RETURN_TYPE = YES_ERROR;
				GCC_WARN_UNDECLARED_SELECTOR = YES;
				GCC_WARN_UNINITIALIZED_AUTOS = YES_AGGRESSIVE;
				GCC_WARN_UNUSED_FUNCTION = YES;
				GCC_WARN_UNUSED_VARIABLE = YES;
				IPHONEOS_DEPLOYMENT_TARGET = 16.2;
				MTL_ENABLE_DEBUG_INFO = INCLUDE_SOURCE;
				MTL_FAST_MATH = YES;
				ONLY_ACTIVE_ARCH = YES;
				SDKROOT = iphoneos;
				SWIFT_ACTIVE_COMPILATION_CONDITIONS = DEBUG;
				SWIFT_OPTIMIZATION_LEVEL = "-Onone";
			};
			name = Debug;
		};
		47D57C5229ABC94600F2E7D2 /* Release */ = {
			isa = XCBuildConfiguration;
			buildSettings = {
				ALWAYS_SEARCH_USER_PATHS = NO;
				CLANG_ANALYZER_NONNULL = YES;
				CLANG_ANALYZER_NUMBER_OBJECT_CONVERSION = YES_AGGRESSIVE;
				CLANG_CXX_LANGUAGE_STANDARD = "gnu++20";
				CLANG_ENABLE_MODULES = YES;
				CLANG_ENABLE_OBJC_ARC = YES;
				CLANG_ENABLE_OBJC_WEAK = YES;
				CLANG_WARN_BLOCK_CAPTURE_AUTORELEASING = YES;
				CLANG_WARN_BOOL_CONVERSION = YES;
				CLANG_WARN_COMMA = YES;
				CLANG_WARN_CONSTANT_CONVERSION = YES;
				CLANG_WARN_DEPRECATED_OBJC_IMPLEMENTATIONS = YES;
				CLANG_WARN_DIRECT_OBJC_ISA_USAGE = YES_ERROR;
				CLANG_WARN_DOCUMENTATION_COMMENTS = YES;
				CLANG_WARN_EMPTY_BODY = YES;
				CLANG_WARN_ENUM_CONVERSION = YES;
				CLANG_WARN_INFINITE_RECURSION = YES;
				CLANG_WARN_INT_CONVERSION = YES;
				CLANG_WARN_NON_LITERAL_NULL_CONVERSION = YES;
				CLANG_WARN_OBJC_IMPLICIT_RETAIN_SELF = YES;
				CLANG_WARN_OBJC_LITERAL_CONVERSION = YES;
				CLANG_WARN_OBJC_ROOT_CLASS = YES_ERROR;
				CLANG_WARN_QUOTED_INCLUDE_IN_FRAMEWORK_HEADER = YES;
				CLANG_WARN_RANGE_LOOP_ANALYSIS = YES;
				CLANG_WARN_STRICT_PROTOTYPES = YES;
				CLANG_WARN_SUSPICIOUS_MOVE = YES;
				CLANG_WARN_UNGUARDED_AVAILABILITY = YES_AGGRESSIVE;
				CLANG_WARN_UNREACHABLE_CODE = YES;
				CLANG_WARN__DUPLICATE_METHOD_MATCH = YES;
				COPY_PHASE_STRIP = NO;
				DEBUG_INFORMATION_FORMAT = "dwarf-with-dsym";
				ENABLE_NS_ASSERTIONS = NO;
				ENABLE_STRICT_OBJC_MSGSEND = YES;
				GCC_C_LANGUAGE_STANDARD = gnu11;
				GCC_NO_COMMON_BLOCKS = YES;
				GCC_WARN_64_TO_32_BIT_CONVERSION = YES;
				GCC_WARN_ABOUT_RETURN_TYPE = YES_ERROR;
				GCC_WARN_UNDECLARED_SELECTOR = YES;
				GCC_WARN_UNINITIALIZED_AUTOS = YES_AGGRESSIVE;
				GCC_WARN_UNUSED_FUNCTION = YES;
				GCC_WARN_UNUSED_VARIABLE = YES;
				IPHONEOS_DEPLOYMENT_TARGET = 16.2;
				MTL_ENABLE_DEBUG_INFO = NO;
				MTL_FAST_MATH = YES;
				SDKROOT = iphoneos;
				SWIFT_COMPILATION_MODE = wholemodule;
				SWIFT_OPTIMIZATION_LEVEL = "-O";
				VALIDATE_PRODUCT = YES;
			};
			name = Release;
		};
		47D57C5429ABC94600F2E7D2 /* Debug */ = {
			isa = XCBuildConfiguration;
			buildSettings = {
				ALWAYS_EMBED_SWIFT_STANDARD_LIBRARIES = YES;
				ASSETCATALOG_COMPILER_APPICON_NAME = AppIcon;
				ASSETCATALOG_COMPILER_GLOBAL_ACCENT_COLOR_NAME = AccentColor;
				CODE_SIGN_ENTITLEMENTS = Keistr/Keistr.entitlements;
				CODE_SIGN_STYLE = Automatic;
				CURRENT_PROJECT_VERSION = 1;
				DEVELOPMENT_ASSET_PATHS = "\"Keistr/Preview Content\"";
				DEVELOPMENT_TEAM = MHMRS5FLW6;
				ENABLE_PREVIEWS = YES;
				GENERATE_INFOPLIST_FILE = YES;
				INFOPLIST_FILE = Keistr/Info.plist;
				INFOPLIST_KEY_CFBundleDisplayName = Keistr;
				INFOPLIST_KEY_LSApplicationCategoryType = "public.app-category.utilities";
				INFOPLIST_KEY_UIApplicationSceneManifest_Generation = YES;
				INFOPLIST_KEY_UIApplicationSupportsIndirectInputEvents = YES;
				INFOPLIST_KEY_UILaunchScreen_Generation = YES;
				INFOPLIST_KEY_UISupportedInterfaceOrientations_iPad = "UIInterfaceOrientationPortrait UIInterfaceOrientationPortraitUpsideDown UIInterfaceOrientationLandscapeLeft UIInterfaceOrientationLandscapeRight";
				INFOPLIST_KEY_UISupportedInterfaceOrientations_iPhone = "UIInterfaceOrientationPortrait UIInterfaceOrientationLandscapeLeft UIInterfaceOrientationLandscapeRight";
				IPHONEOS_DEPLOYMENT_TARGET = 16.2;
				LD_RUNPATH_SEARCH_PATHS = (
					"$(inherited)",
					"@executable_path/Frameworks",
				);
				MARKETING_VERSION = 0.1.0;
				PRODUCT_BUNDLE_IDENTIFIER = com.galaxoidlabs.Keistr;
				PRODUCT_NAME = "$(TARGET_NAME)";
				SWIFT_EMIT_LOC_STRINGS = YES;
				SWIFT_VERSION = 5.0;
				TARGETED_DEVICE_FAMILY = "1,2";
			};
			name = Debug;
		};
		47D57C5529ABC94600F2E7D2 /* Release */ = {
			isa = XCBuildConfiguration;
			buildSettings = {
				ALWAYS_EMBED_SWIFT_STANDARD_LIBRARIES = YES;
				ASSETCATALOG_COMPILER_APPICON_NAME = AppIcon;
				ASSETCATALOG_COMPILER_GLOBAL_ACCENT_COLOR_NAME = AccentColor;
				CODE_SIGN_ENTITLEMENTS = Keistr/Keistr.entitlements;
				CODE_SIGN_STYLE = Automatic;
				CURRENT_PROJECT_VERSION = 1;
				DEVELOPMENT_ASSET_PATHS = "\"Keistr/Preview Content\"";
				DEVELOPMENT_TEAM = MHMRS5FLW6;
				ENABLE_PREVIEWS = YES;
				GENERATE_INFOPLIST_FILE = YES;
				INFOPLIST_FILE = Keistr/Info.plist;
				INFOPLIST_KEY_CFBundleDisplayName = Keistr;
				INFOPLIST_KEY_LSApplicationCategoryType = "public.app-category.utilities";
				INFOPLIST_KEY_UIApplicationSceneManifest_Generation = YES;
				INFOPLIST_KEY_UIApplicationSupportsIndirectInputEvents = YES;
				INFOPLIST_KEY_UILaunchScreen_Generation = YES;
				INFOPLIST_KEY_UISupportedInterfaceOrientations_iPad = "UIInterfaceOrientationPortrait UIInterfaceOrientationPortraitUpsideDown UIInterfaceOrientationLandscapeLeft UIInterfaceOrientationLandscapeRight";
				INFOPLIST_KEY_UISupportedInterfaceOrientations_iPhone = "UIInterfaceOrientationPortrait UIInterfaceOrientationLandscapeLeft UIInterfaceOrientationLandscapeRight";
				IPHONEOS_DEPLOYMENT_TARGET = 16.2;
				LD_RUNPATH_SEARCH_PATHS = (
					"$(inherited)",
					"@executable_path/Frameworks",
				);
				MARKETING_VERSION = 0.1.0;
				PRODUCT_BUNDLE_IDENTIFIER = com.galaxoidlabs.Keistr;
				PRODUCT_NAME = "$(TARGET_NAME)";
				SWIFT_EMIT_LOC_STRINGS = YES;
				SWIFT_VERSION = 5.0;
				TARGETED_DEVICE_FAMILY = "1,2";
			};
			name = Release;
		};
		47D57CAF29B3D0E500F2E7D2 /* Debug */ = {
			isa = XCBuildConfiguration;
			buildSettings = {
				CODE_SIGN_STYLE = Automatic;
				CURRENT_PROJECT_VERSION = 1;
				DEVELOPMENT_TEAM = MHMRS5FLW6;
				GENERATE_INFOPLIST_FILE = YES;
				INFOPLIST_FILE = "Open In Keistr/Info.plist";
				INFOPLIST_KEY_CFBundleDisplayName = "Open In Keistr";
				INFOPLIST_KEY_NSHumanReadableCopyright = "";
				LD_RUNPATH_SEARCH_PATHS = (
					"$(inherited)",
					"@executable_path/Frameworks",
					"@executable_path/../../Frameworks",
				);
				MARKETING_VERSION = 1.0;
				PRODUCT_BUNDLE_IDENTIFIER = "com.galaxoidlabs.Keistr.Open-In-Keistr";
				PRODUCT_NAME = "$(TARGET_NAME)";
				SKIP_INSTALL = YES;
				SWIFT_EMIT_LOC_STRINGS = YES;
				SWIFT_VERSION = 5.0;
				TARGETED_DEVICE_FAMILY = "1,2";
			};
			name = Debug;
		};
		47D57CB029B3D0E500F2E7D2 /* Release */ = {
			isa = XCBuildConfiguration;
			buildSettings = {
				CODE_SIGN_STYLE = Automatic;
				CURRENT_PROJECT_VERSION = 1;
				DEVELOPMENT_TEAM = MHMRS5FLW6;
				GENERATE_INFOPLIST_FILE = YES;
				INFOPLIST_FILE = "Open In Keistr/Info.plist";
				INFOPLIST_KEY_CFBundleDisplayName = "Open In Keistr";
				INFOPLIST_KEY_NSHumanReadableCopyright = "";
				LD_RUNPATH_SEARCH_PATHS = (
					"$(inherited)",
					"@executable_path/Frameworks",
					"@executable_path/../../Frameworks",
				);
				MARKETING_VERSION = 1.0;
				PRODUCT_BUNDLE_IDENTIFIER = "com.galaxoidlabs.Keistr.Open-In-Keistr";
				PRODUCT_NAME = "$(TARGET_NAME)";
				SKIP_INSTALL = YES;
				SWIFT_EMIT_LOC_STRINGS = YES;
				SWIFT_VERSION = 5.0;
				TARGETED_DEVICE_FAMILY = "1,2";
			};
			name = Release;
		};
/* End XCBuildConfiguration section */

/* Begin XCConfigurationList section */
		47D57C4029ABC94500F2E7D2 /* Build configuration list for PBXProject "Keistr" */ = {
			isa = XCConfigurationList;
			buildConfigurations = (
				47D57C5129ABC94600F2E7D2 /* Debug */,
				47D57C5229ABC94600F2E7D2 /* Release */,
			);
			defaultConfigurationIsVisible = 0;
			defaultConfigurationName = Release;
		};
		47D57C5329ABC94600F2E7D2 /* Build configuration list for PBXNativeTarget "Keistr" */ = {
			isa = XCConfigurationList;
			buildConfigurations = (
				47D57C5429ABC94600F2E7D2 /* Debug */,
				47D57C5529ABC94600F2E7D2 /* Release */,
			);
			defaultConfigurationIsVisible = 0;
			defaultConfigurationName = Release;
		};
		47D57CAE29B3D0E500F2E7D2 /* Build configuration list for PBXNativeTarget "Open In Keistr" */ = {
			isa = XCConfigurationList;
			buildConfigurations = (
				47D57CAF29B3D0E500F2E7D2 /* Debug */,
				47D57CB029B3D0E500F2E7D2 /* Release */,
			);
			defaultConfigurationIsVisible = 0;
			defaultConfigurationName = Release;
		};
/* End XCConfigurationList section */

/* Begin XCRemoteSwiftPackageReference section */
		4766DFF029CDF3CD0032B2A3 /* XCRemoteSwiftPackageReference "FaviconFinder" */ = {
			isa = XCRemoteSwiftPackageReference;
			repositoryURL = "https://github.com/will-lumley/FaviconFinder.git";
			requirement = {
				branch = main;
				kind = branch;
			};
		};
		4766DFF329CF3D7A0032B2A3 /* XCRemoteSwiftPackageReference "AlertToast" */ = {
			isa = XCRemoteSwiftPackageReference;
			repositoryURL = "https://github.com/elai950/AlertToast.git";
			requirement = {
				kind = upToNextMajorVersion;
				minimumVersion = 1.0.0;
			};
		};
		47D57C5629ABDBF400F2E7D2 /* XCRemoteSwiftPackageReference "Setting" */ = {
			isa = XCRemoteSwiftPackageReference;
			repositoryURL = "https://github.com/aheze/Setting.git";
			requirement = {
				kind = upToNextMajorVersion;
				minimumVersion = 1.0.0;
			};
		};
		47D57C5B29ABE43300F2E7D2 /* XCRemoteSwiftPackageReference "NostrKit" */ = {
			isa = XCRemoteSwiftPackageReference;
			repositoryURL = "https://github.com/Galaxoid-Labs/NostrKit.git";
			requirement = {
				branch = master;
				kind = branch;
			};
		};
		47D57C5E29ABE44D00F2E7D2 /* XCRemoteSwiftPackageReference "KeychainAccess" */ = {
			isa = XCRemoteSwiftPackageReference;
			repositoryURL = "https://github.com/kishikawakatsumi/KeychainAccess.git";
			requirement = {
				branch = master;
				kind = branch;
			};
		};
		47D57C6D29AD378500F2E7D2 /* XCRemoteSwiftPackageReference "NWWebSocket" */ = {
			isa = XCRemoteSwiftPackageReference;
			repositoryURL = "https://github.com/pusher/NWWebSocket.git";
			requirement = {
				kind = upToNextMajorVersion;
				minimumVersion = 0.5.2;
			};
		};
		47D57C7829AE63DB00F2E7D2 /* XCRemoteSwiftPackageReference "SDWebImageSwiftUI" */ = {
			isa = XCRemoteSwiftPackageReference;
			repositoryURL = "https://github.com/SDWebImage/SDWebImageSwiftUI.git";
			requirement = {
				branch = master;
				kind = branch;
			};
		};
		47D57C7B29AE63E900F2E7D2 /* XCRemoteSwiftPackageReference "SDWebImageSVGCoder" */ = {
			isa = XCRemoteSwiftPackageReference;
			repositoryURL = "https://github.com/SDWebImage/SDWebImageSVGCoder.git";
			requirement = {
				branch = master;
				kind = branch;
			};
		};
		47F8C55F29B540BB00FA5CF5 /* XCRemoteSwiftPackageReference "Haptica" */ = {
			isa = XCRemoteSwiftPackageReference;
			repositoryURL = "https://github.com/efremidze/Haptica.git";
			requirement = {
				branch = master;
				kind = branch;
			};
		};
/* End XCRemoteSwiftPackageReference section */

/* Begin XCSwiftPackageProductDependency section */
		4766DFF129CDF3CD0032B2A3 /* FaviconFinder */ = {
			isa = XCSwiftPackageProductDependency;
			package = 4766DFF029CDF3CD0032B2A3 /* XCRemoteSwiftPackageReference "FaviconFinder" */;
			productName = FaviconFinder;
		};
		4766DFF429CF3D7A0032B2A3 /* AlertToast */ = {
			isa = XCSwiftPackageProductDependency;
			package = 4766DFF329CF3D7A0032B2A3 /* XCRemoteSwiftPackageReference "AlertToast" */;
			productName = AlertToast;
		};
		47D57C5729ABDBF400F2E7D2 /* Setting */ = {
			isa = XCSwiftPackageProductDependency;
			package = 47D57C5629ABDBF400F2E7D2 /* XCRemoteSwiftPackageReference "Setting" */;
			productName = Setting;
		};
		47D57C5C29ABE43400F2E7D2 /* NostrKit */ = {
			isa = XCSwiftPackageProductDependency;
			package = 47D57C5B29ABE43300F2E7D2 /* XCRemoteSwiftPackageReference "NostrKit" */;
			productName = NostrKit;
		};
		47D57C5F29ABE44D00F2E7D2 /* KeychainAccess */ = {
			isa = XCSwiftPackageProductDependency;
			package = 47D57C5E29ABE44D00F2E7D2 /* XCRemoteSwiftPackageReference "KeychainAccess" */;
			productName = KeychainAccess;
		};
		47D57C6E29AD378500F2E7D2 /* NWWebSocket */ = {
			isa = XCSwiftPackageProductDependency;
			package = 47D57C6D29AD378500F2E7D2 /* XCRemoteSwiftPackageReference "NWWebSocket" */;
			productName = NWWebSocket;
		};
		47D57C7929AE63DB00F2E7D2 /* SDWebImageSwiftUI */ = {
			isa = XCSwiftPackageProductDependency;
			package = 47D57C7829AE63DB00F2E7D2 /* XCRemoteSwiftPackageReference "SDWebImageSwiftUI" */;
			productName = SDWebImageSwiftUI;
		};
		47D57C7C29AE63E900F2E7D2 /* SDWebImageSVGCoder */ = {
			isa = XCSwiftPackageProductDependency;
			package = 47D57C7B29AE63E900F2E7D2 /* XCRemoteSwiftPackageReference "SDWebImageSVGCoder" */;
			productName = SDWebImageSVGCoder;
		};
		47F8C56029B540BB00FA5CF5 /* Haptica */ = {
			isa = XCSwiftPackageProductDependency;
			package = 47F8C55F29B540BB00FA5CF5 /* XCRemoteSwiftPackageReference "Haptica" */;
			productName = Haptica;
		};
/* End XCSwiftPackageProductDependency section */
	};
	rootObject = 47D57C3D29ABC94500F2E7D2 /* Project object */;
}
